Microsoft Visual Studio Solution File, Format Version 12.00
# Visual Studio Version 17
VisualStudioVersion = 17.12.35728.132 d17.12
MinimumVisualStudioVersion = 10.0.40219.1
Project("{FAE04EC0-301F-11D3-BF4B-00C04F79EFBC}") = "MedicineBuddy.App.AppHost", "MedicineBuddy.App.AppHost\MedicineBuddy.App.AppHost.csproj", "{6CF5BF21-A628-4C1E-AA4C-91A3CBE34AE0}"
EndProject
Project("{FAE04EC0-301F-11D3-BF4B-00C04F79EFBC}") = "MedicineBuddy.App.ServiceDefaults", "MedicineBuddy.App.ServiceDefaults\MedicineBuddy.App.ServiceDefaults.csproj", "{F80F0F11-BCB9-44C0-96E7-AC8491706F2E}"
EndProject
Project("{FAE04EC0-301F-11D3-BF4B-00C04F79EFBC}") = "MedicineBuddy.Main.API", "MedicineBuddy.Main.API\MedicineBuddy.Main.API.csproj", "{6062A769-55E7-4C37-A0B0-49F3590FF997}"
EndProject
Global
	GlobalSection(SolutionConfigurationPlatforms) = preSolution
		Debug|Any CPU = Debug|Any CPU
		Release|Any CPU = Release|Any CPU
	EndGlobalSection
	GlobalSection(ProjectConfigurationPlatforms) = postSolution
		{6CF5BF21-A628-4C1E-AA4C-91A3CBE34AE0}.Debug|Any CPU.ActiveCfg = Debug|Any CPU
		{6CF5BF21-A628-4C1E-AA4C-91A3CBE34AE0}.Debug|Any CPU.Build.0 = Debug|Any CPU
		{6CF5BF21-A628-4C1E-AA4C-91A3CBE34AE0}.Release|Any CPU.ActiveCfg = Release|Any CPU
		{6CF5BF21-A628-4C1E-AA4C-91A3CBE34AE0}.Release|Any CPU.Build.0 = Release|Any CPU
		{F80F0F11-BCB9-44C0-96E7-AC8491706F2E}.Debug|Any CPU.ActiveCfg = Debug|Any CPU
		{F80F0F11-BCB9-44C0-96E7-AC8491706F2E}.Debug|Any CPU.Build.0 = Debug|Any CPU
		{F80F0F11-BCB9-44C0-96E7-AC8491706F2E}.Release|Any CPU.ActiveCfg = Release|Any CPU
		{F80F0F11-BCB9-44C0-96E7-AC8491706F2E}.Release|Any CPU.Build.0 = Release|Any CPU
		{6062A769-55E7-4C37-A0B0-49F3590FF997}.Debug|Any CPU.ActiveCfg = Debug|Any CPU
		{6062A769-55E7-4C37-A0B0-49F3590FF997}.Debug|Any CPU.Build.0 = Debug|Any CPU
		{6062A769-55E7-4C37-A0B0-49F3590FF997}.Release|Any CPU.ActiveCfg = Release|Any CPU
		{6062A769-55E7-4C37-A0B0-49F3590FF997}.Release|Any CPU.Build.0 = Release|Any CPU
	EndGlobalSection
	GlobalSection(SolutionProperties) = preSolution
		HideSolutionNode = FALSE
	EndGlobalSection
EndGlobal
